
Microsoft Visual Studio Solution File, Format Version 11.00
# Visual Studio 2010
Project("{FAE04EC0-301F-11D3-BF4B-00C04F79EFBC}") = "GamePacman2D", "Assembly-CSharp.csproj", "{AC495F6E-6A5A-F1EF-BEE1-C7CD03BDD2CF}"
EndProject
Global
	GlobalSection(SolutionConfigurationPlatforms) = preSolution
		Debug|Any CPU = Debug|Any CPU
		Release|Any CPU = Release|Any CPU
	EndGlobalSection
	GlobalSection(ProjectConfigurationPlatforms) = postSolution
		{AC495F6E-6A5A-F1EF-BEE1-C7CD03BDD2CF}.Debug|Any CPU.ActiveCfg = Debug|Any CPU
		{AC495F6E-6A5A-F1EF-BEE1-C7CD03BDD2CF}.Debug|Any CPU.Build.0 = Debug|Any CPU
		{AC495F6E-6A5A-F1EF-BEE1-C7CD03BDD2CF}.Release|Any CPU.ActiveCfg = Release|Any CPU
		{AC495F6E-6A5A-F1EF-BEE1-C7CD03BDD2CF}.Release|Any CPU.Build.0 = Release|Any CPU
	EndGlobalSection
	GlobalSection(SolutionProperties) = preSolution
		HideSolutionNode = FALSE
	EndGlobalSection
	GlobalSection(MonoDevelopProperties) = preSolution
		StartupItem = Assembly-CSharp.csproj
	EndGlobalSection
EndGlobal
